{
  "name": "elude",
  "version": "0.1.0",
  "lockfileVersion": 1,
  "requires": true,
  "dependencies": {
    "bs-abstract": {
      "version": "0.16.0",
      "resolved": "https://registry.npmjs.org/bs-abstract/-/bs-abstract-0.16.0.tgz",
      "integrity": "sha512-b1/qOWNBqL44lFciqEs73UxOwxAfnXeQgJtXGlfVwKYMZ6qNKgNrQe3Wokg8awQHs2EkmAJgtxku2zrGlwd/Jw=="
    },
    "bs-platform": {
      "version": "4.0.6",
      "resolved": "https://registry.npmjs.org/bs-platform/-/bs-platform-4.0.6.tgz",
      "integrity": "sha512-TrNzQFoV6opBYdUgcRdgQQ5f6JnKgotPFZORIjuHPtRlYgv37P6xVBTGfA4NlMCkHXHcPrL6JI63GyAcfq+qpg==",
      "dev": true
    },
    "relude": {
      "version": "github:reazen/relude#a272c87ac23752b71e015ae6385e998637b00ee5",
      "from": "github:reazen/relude#a272c87",
      "requires": {
        "bs-abstract": "^0.16.0"
      }
    }
  }
}
